// !$*UTF8*$!
{
	archiveVersion = 1;
	classes = {
	};
	objectVersion = 50;
	objects = {

/* Begin PBXBuildFile section */
		59BBED292404ADFB009F55A4 /* SKAudio.swift in Sources */ = {isa = PBXBuildFile; fileRef = 59BBED282404ADFB009F55A4 /* SKAudio.swift */; };
		59D1CC2124047011002D86C2 /* AppDelegate.swift in Sources */ = {isa = PBXBuildFile; fileRef = 59D1CC2024047011002D86C2 /* AppDelegate.swift */; };
		59D1CC2C24047011002D86C2 /* Main.storyboard in Resources */ = {isa = PBXBuildFile; fileRef = 59D1CC2A24047011002D86C2 /* Main.storyboard */; };
		59D1CC2E24047013002D86C2 /* Assets.xcassets in Resources */ = {isa = PBXBuildFile; fileRef = 59D1CC2D24047013002D86C2 /* Assets.xcassets */; };
		59D1CC3124047013002D86C2 /* LaunchScreen.storyboard in Resources */ = {isa = PBXBuildFile; fileRef = 59D1CC2F24047013002D86C2 /* LaunchScreen.storyboard */; };
		59D1CC3C24047013002D86C2 /* JogoDoAviaozinhoTests.swift in Sources */ = {isa = PBXBuildFile; fileRef = 59D1CC3B24047013002D86C2 /* JogoDoAviaozinhoTests.swift */; };
		59D1CC4724047013002D86C2 /* JogoDoAviaozinhoUITests.swift in Sources */ = {isa = PBXBuildFile; fileRef = 59D1CC4624047013002D86C2 /* JogoDoAviaozinhoUITests.swift */; };
		59D1CC60240470B4002D86C2 /* PLIN.mp3 in Resources */ = {isa = PBXBuildFile; fileRef = 59D1CC54240470B3002D86C2 /* PLIN.mp3 */; };
		59D1CC61240470B4002D86C2 /* MUSICA.mp3 in Resources */ = {isa = PBXBuildFile; fileRef = 59D1CC55240470B3002D86C2 /* MUSICA.mp3 */; };
		59D1CC62240470B4002D86C2 /* peninha@2x.png in Resources */ = {isa = PBXBuildFile; fileRef = 59D1CC56240470B3002D86C2 /* peninha@2x.png */; };
		59D1CC63240470B4002D86C2 /* estrela@2x.png in Resources */ = {isa = PBXBuildFile; fileRef = 59D1CC57240470B3002D86C2 /* estrela@2x.png */; };
		59D1CC64240470B4002D86C2 /* imagem_fundo@2x.png in Resources */ = {isa = PBXBuildFile; fileRef = 59D1CC58240470B3002D86C2 /* imagem_fundo@2x.png */; };
		59D1CC65240470B4002D86C2 /* bugado.atlas in Resources */ = {isa = PBXBuildFile; fileRef = 59D1CC59240470B3002D86C2 /* bugado.atlas */; };
		59D1CC66240470B4002D86C2 /* explosao.atlas in Resources */ = {isa = PBXBuildFile; fileRef = 59D1CC5A240470B3002D86C2 /* explosao.atlas */; };
		59D1CC67240470B4002D86C2 /* aviao.atlas in Resources */ = {isa = PBXBuildFile; fileRef = 59D1CC5B240470B3002D86C2 /* aviao.atlas */; };
		59D1CC68240470B4002D86C2 /* lesmo.atlas in Resources */ = {isa = PBXBuildFile; fileRef = 59D1CC5C240470B3002D86C2 /* lesmo.atlas */; };
		59D1CC69240470B4002D86C2 /* pena_dourada.atlas in Resources */ = {isa = PBXBuildFile; fileRef = 59D1CC5D240470B3002D86C2 /* pena_dourada.atlas */; };
		59D1CC6A240470B4002D86C2 /* QUEBRA.mp3 in Resources */ = {isa = PBXBuildFile; fileRef = 59D1CC5E240470B3002D86C2 /* QUEBRA.mp3 */; };
		59D1CC6B240470B4002D86C2 /* trueCrimes.ttf in Resources */ = {isa = PBXBuildFile; fileRef = 59D1CC5F240470B3002D86C2 /* trueCrimes.ttf */; };
		59D1CC6F240471B4002D86C2 /* MinhaViewController.swift in Sources */ = {isa = PBXBuildFile; fileRef = 59D1CC6E240471B4002D86C2 /* MinhaViewController.swift */; };
		59D1CC71240472CC002D86C2 /* MinhaCena.swift in Sources */ = {isa = PBXBuildFile; fileRef = 59D1CC70240472CC002D86C2 /* MinhaCena.swift */; };
		59D1CC7324047A25002D86C2 /* ObjetoAnimado.swift in Sources */ = {isa = PBXBuildFile; fileRef = 59D1CC7224047A25002D86C2 /* ObjetoAnimado.swift */; };
/* End PBXBuildFile section */

/* Begin PBXContainerItemProxy section */
		59D1CC3824047013002D86C2 /* PBXContainerItemProxy */ = {
			isa = PBXContainerItemProxy;
			containerPortal = 59D1CC1524047011002D86C2 /* Project object */;
			proxyType = 1;
			remoteGlobalIDString = 59D1CC1C24047011002D86C2;
			remoteInfo = JogoDoAviaozinho;
		};
		59D1CC4324047013002D86C2 /* PBXContainerItemProxy */ = {
			isa = PBXContainerItemProxy;
			containerPortal = 59D1CC1524047011002D86C2 /* Project object */;
			proxyType = 1;
			remoteGlobalIDString = 59D1CC1C24047011002D86C2;
			remoteInfo = JogoDoAviaozinho;
		};
/* End PBXContainerItemProxy section */

/* Begin PBXFileReference section */
		59BBED282404ADFB009F55A4 /* SKAudio.swift */ = {isa = PBXFileReference; fileEncoding = 4; lastKnownFileType = sourcecode.swift; path = SKAudio.swift; sourceTree = "<group>"; };
		59D1CC1D24047011002D86C2 /* JogoDoAviaozinho.app */ = {isa = PBXFileReference; explicitFileType = wrapper.application; includeInIndex = 0; path = JogoDoAviaozinho.app; sourceTree = BUILT_PRODUCTS_DIR; };
		59D1CC2024047011002D86C2 /* AppDelegate.swift */ = {isa = PBXFileReference; lastKnownFileType = sourcecode.swift; path = AppDelegate.swift; sourceTree = "<group>"; };
		59D1CC2B24047011002D86C2 /* Base */ = {isa = PBXFileReference; lastKnownFileType = file.storyboard; name = Base; path = Base.lproj/Main.storyboard; sourceTree = "<group>"; };
		59D1CC2D24047013002D86C2 /* Assets.xcassets */ = {isa = PBXFileReference; lastKnownFileType = folder.assetcatalog; path = Assets.xcassets; sourceTree = "<group>"; };
		59D1CC3024047013002D86C2 /* Base */ = {isa = PBXFileReference; lastKnownFileType = file.storyboard; name = Base; path = Base.lproj/LaunchScreen.storyboard; sourceTree = "<group>"; };
		59D1CC3224047013002D86C2 /* Info.plist */ = {isa = PBXFileReference; lastKnownFileType = text.plist.xml; path = Info.plist; sourceTree = "<group>"; };
		59D1CC3724047013002D86C2 /* JogoDoAviaozinhoTests.xctest */ = {isa = PBXFileReference; explicitFileType = wrapper.cfbundle; includeInIndex = 0; path = JogoDoAviaozinhoTests.xctest; sourceTree = BUILT_PRODUCTS_DIR; };
		59D1CC3B24047013002D86C2 /* JogoDoAviaozinhoTests.swift */ = {isa = PBXFileReference; lastKnownFileType = sourcecode.swift; path = JogoDoAviaozinhoTests.swift; sourceTree = "<group>"; };
		59D1CC3D24047013002D86C2 /* Info.plist */ = {isa = PBXFileReference; lastKnownFileType = text.plist.xml; path = Info.plist; sourceTree = "<group>"; };
		59D1CC4224047013002D86C2 /* JogoDoAviaozinhoUITests.xctest */ = {isa = PBXFileReference; explicitFileType = wrapper.cfbundle; includeInIndex = 0; path = JogoDoAviaozinhoUITests.xctest; sourceTree = BUILT_PRODUCTS_DIR; };
		59D1CC4624047013002D86C2 /* JogoDoAviaozinhoUITests.swift */ = {isa = PBXFileReference; lastKnownFileType = sourcecode.swift; path = JogoDoAviaozinhoUITests.swift; sourceTree = "<group>"; };
		59D1CC4824047013002D86C2 /* Info.plist */ = {isa = PBXFileReference; lastKnownFileType = text.plist.xml; path = Info.plist; sourceTree = "<group>"; };
		59D1CC54240470B3002D86C2 /* PLIN.mp3 */ = {isa = PBXFileReference; lastKnownFileType = audio.mp3; path = PLIN.mp3; sourceTree = "<group>"; };
		59D1CC55240470B3002D86C2 /* MUSICA.mp3 */ = {isa = PBXFileReference; lastKnownFileType = audio.mp3; path = MUSICA.mp3; sourceTree = "<group>"; };
		59D1CC56240470B3002D86C2 /* peninha@2x.png */ = {isa = PBXFileReference; lastKnownFileType = image.png; path = "peninha@2x.png"; sourceTree = "<group>"; };
		59D1CC57240470B3002D86C2 /* estrela@2x.png */ = {isa = PBXFileReference; lastKnownFileType = image.png; path = "estrela@2x.png"; sourceTree = "<group>"; };
		59D1CC58240470B3002D86C2 /* imagem_fundo@2x.png */ = {isa = PBXFileReference; lastKnownFileType = image.png; path = "imagem_fundo@2x.png"; sourceTree = "<group>"; };
		59D1CC59240470B3002D86C2 /* bugado.atlas */ = {isa = PBXFileReference; lastKnownFileType = folder.skatlas; path = bugado.atlas; sourceTree = "<group>"; };
		59D1CC5A240470B3002D86C2 /* explosao.atlas */ = {isa = PBXFileReference; lastKnownFileType = folder.skatlas; path = explosao.atlas; sourceTree = "<group>"; };
		59D1CC5B240470B3002D86C2 /* aviao.atlas */ = {isa = PBXFileReference; lastKnownFileType = folder.skatlas; path = aviao.atlas; sourceTree = "<group>"; };
		59D1CC5C240470B3002D86C2 /* lesmo.atlas */ = {isa = PBXFileReference; lastKnownFileType = folder.skatlas; path = lesmo.atlas; sourceTree = "<group>"; };
		59D1CC5D240470B3002D86C2 /* pena_dourada.atlas */ = {isa = PBXFileReference; lastKnownFileType = folder.skatlas; path = pena_dourada.atlas; sourceTree = "<group>"; };
		59D1CC5E240470B3002D86C2 /* QUEBRA.mp3 */ = {isa = PBXFileReference; lastKnownFileType = audio.mp3; path = QUEBRA.mp3; sourceTree = "<group>"; };
		59D1CC5F240470B3002D86C2 /* trueCrimes.ttf */ = {isa = PBXFileReference; lastKnownFileType = file; path = trueCrimes.ttf; sourceTree = "<group>"; };
		59D1CC6E240471B4002D86C2 /* MinhaViewController.swift */ = {isa = PBXFileReference; lastKnownFileType = sourcecode.swift; path = MinhaViewController.swift; sourceTree = "<group>"; };
		59D1CC70240472CC002D86C2 /* MinhaCena.swift */ = {isa = PBXFileReference; lastKnownFileType = sourcecode.swift; path = MinhaCena.swift; sourceTree = "<group>"; };
		59D1CC7224047A25002D86C2 /* ObjetoAnimado.swift */ = {isa = PBXFileReference; lastKnownFileType = sourcecode.swift; path = ObjetoAnimado.swift; sourceTree = "<group>"; };
/* End PBXFileReference section */

/* Begin PBXFrameworksBuildPhase section */
		59D1CC1A24047011002D86C2 /* Frameworks */ = {
			isa = PBXFrameworksBuildPhase;
			buildActionMask = 2147483647;
			files = (
			);
			runOnlyForDeploymentPostprocessing = 0;
		};
		59D1CC3424047013002D86C2 /* Frameworks */ = {
			isa = PBXFrameworksBuildPhase;
			buildActionMask = 2147483647;
			files = (
			);
			runOnlyForDeploymentPostprocessing = 0;
		};
		59D1CC3F24047013002D86C2 /* Frameworks */ = {
			isa = PBXFrameworksBuildPhase;
			buildActionMask = 2147483647;
			files = (
			);
			runOnlyForDeploymentPostprocessing = 0;
		};
/* End PBXFrameworksBuildPhase section */

/* Begin PBXGroup section */
		59D1CC1424047011002D86C2 = {
			isa = PBXGroup;
			children = (
				59D1CC1F24047011002D86C2 /* JogoDoAviaozinho */,
				59D1CC3A24047013002D86C2 /* JogoDoAviaozinhoTests */,
				59D1CC4524047013002D86C2 /* JogoDoAviaozinhoUITests */,
				59D1CC1E24047011002D86C2 /* Products */,
			);
			sourceTree = "<group>";
		};
		59D1CC1E24047011002D86C2 /* Products */ = {
			isa = PBXGroup;
			children = (
				59D1CC1D24047011002D86C2 /* JogoDoAviaozinho.app */,
				59D1CC3724047013002D86C2 /* JogoDoAviaozinhoTests.xctest */,
				59D1CC4224047013002D86C2 /* JogoDoAviaozinhoUITests.xctest */,
			);
			name = Products;
			sourceTree = "<group>";
		};
		59D1CC1F24047011002D86C2 /* JogoDoAviaozinho */ = {
			isa = PBXGroup;
			children = (
				59BBED282404ADFB009F55A4 /* SKAudio.swift */,
				59D1CC6D24047123002D86C2 /* Gráficos e Assets */,
				59D1CC2024047011002D86C2 /* AppDelegate.swift */,
				59D1CC6E240471B4002D86C2 /* MinhaViewController.swift */,
				59D1CC7224047A25002D86C2 /* ObjetoAnimado.swift */,
				59D1CC70240472CC002D86C2 /* MinhaCena.swift */,
				59D1CC2A24047011002D86C2 /* Main.storyboard */,
				59D1CC2D24047013002D86C2 /* Assets.xcassets */,
				59D1CC2F24047013002D86C2 /* LaunchScreen.storyboard */,
				59D1CC3224047013002D86C2 /* Info.plist */,
			);
			path = JogoDoAviaozinho;
			sourceTree = "<group>";
		};
		59D1CC3A24047013002D86C2 /* JogoDoAviaozinhoTests */ = {
			isa = PBXGroup;
			children = (
				59D1CC3B24047013002D86C2 /* JogoDoAviaozinhoTests.swift */,
				59D1CC3D24047013002D86C2 /* Info.plist */,
			);
			path = JogoDoAviaozinhoTests;
			sourceTree = "<group>";
		};
		59D1CC4524047013002D86C2 /* JogoDoAviaozinhoUITests */ = {
			isa = PBXGroup;
			children = (
				59D1CC4624047013002D86C2 /* JogoDoAviaozinhoUITests.swift */,
				59D1CC4824047013002D86C2 /* Info.plist */,
			);
			path = JogoDoAviaozinhoUITests;
			sourceTree = "<group>";
		};
		59D1CC6D24047123002D86C2 /* Gráficos e Assets */ = {
			isa = PBXGroup;
			children = (
				59D1CC5B240470B3002D86C2 /* aviao.atlas */,
				59D1CC59240470B3002D86C2 /* bugado.atlas */,
				59D1CC57240470B3002D86C2 /* estrela@2x.png */,
				59D1CC5A240470B3002D86C2 /* explosao.atlas */,
				59D1CC58240470B3002D86C2 /* imagem_fundo@2x.png */,
				59D1CC5C240470B3002D86C2 /* lesmo.atlas */,
				59D1CC55240470B3002D86C2 /* MUSICA.mp3 */,
				59D1CC5D240470B3002D86C2 /* pena_dourada.atlas */,
				59D1CC56240470B3002D86C2 /* peninha@2x.png */,
				59D1CC54240470B3002D86C2 /* PLIN.mp3 */,
				59D1CC5E240470B3002D86C2 /* QUEBRA.mp3 */,
				59D1CC5F240470B3002D86C2 /* trueCrimes.ttf */,
			);
			name = "Gráficos e Assets";
			path = "Gráficos e Assets";
			sourceTree = "<group>";
		};
/* End PBXGroup section */

/* Begin PBXNativeTarget section */
		59D1CC1C24047011002D86C2 /* JogoDoAviaozinho */ = {
			isa = PBXNativeTarget;
			buildConfigurationList = 59D1CC4B24047013002D86C2 /* Build configuration list for PBXNativeTarget "JogoDoAviaozinho" */;
			buildPhases = (
				59D1CC1924047011002D86C2 /* Sources */,
				59D1CC1A24047011002D86C2 /* Frameworks */,
				59D1CC1B24047011002D86C2 /* Resources */,
			);
			buildRules = (
			);
			dependencies = (
			);
			name = JogoDoAviaozinho;
			productName = JogoDoAviaozinho;
			productReference = 59D1CC1D24047011002D86C2 /* JogoDoAviaozinho.app */;
			productType = "com.apple.product-type.application";
		};
		59D1CC3624047013002D86C2 /* JogoDoAviaozinhoTests */ = {
			isa = PBXNativeTarget;
			buildConfigurationList = 59D1CC4E24047013002D86C2 /* Build configuration list for PBXNativeTarget "JogoDoAviaozinhoTests" */;
			buildPhases = (
				59D1CC3324047013002D86C2 /* Sources */,
				59D1CC3424047013002D86C2 /* Frameworks */,
				59D1CC3524047013002D86C2 /* Resources */,
			);
			buildRules = (
			);
			dependencies = (
				59D1CC3924047013002D86C2 /* PBXTargetDependency */,
			);
			name = JogoDoAviaozinhoTests;
			productName = JogoDoAviaozinhoTests;
			productReference = 59D1CC3724047013002D86C2 /* JogoDoAviaozinhoTests.xctest */;
			productType = "com.apple.product-type.bundle.unit-test";
		};
		59D1CC4124047013002D86C2 /* JogoDoAviaozinhoUITests */ = {
			isa = PBXNativeTarget;
			buildConfigurationList = 59D1CC5124047013002D86C2 /* Build configuration list for PBXNativeTarget "JogoDoAviaozinhoUITests" */;
			buildPhases = (
				59D1CC3E24047013002D86C2 /* Sources */,
				59D1CC3F24047013002D86C2 /* Frameworks */,
				59D1CC4024047013002D86C2 /* Resources */,
			);
			buildRules = (
			);
			dependencies = (
				59D1CC4424047013002D86C2 /* PBXTargetDependency */,
			);
			name = JogoDoAviaozinhoUITests;
			productName = JogoDoAviaozinhoUITests;
			productReference = 59D1CC4224047013002D86C2 /* JogoDoAviaozinhoUITests.xctest */;
			productType = "com.apple.product-type.bundle.ui-testing";
		};
/* End PBXNativeTarget section */

/* Begin PBXProject section */
		59D1CC1524047011002D86C2 /* Project object */ = {
			isa = PBXProject;
			attributes = {
				LastSwiftUpdateCheck = 1130;
				LastUpgradeCheck = 1130;
				ORGANIZATIONNAME = "Edwy Lugo";
				TargetAttributes = {
					59D1CC1C24047011002D86C2 = {
						CreatedOnToolsVersion = 11.3;
					};
					59D1CC3624047013002D86C2 = {
						CreatedOnToolsVersion = 11.3;
						TestTargetID = 59D1CC1C24047011002D86C2;
					};
					59D1CC4124047013002D86C2 = {
						CreatedOnToolsVersion = 11.3;
						TestTargetID = 59D1CC1C24047011002D86C2;
					};
				};
			};
			buildConfigurationList = 59D1CC1824047011002D86C2 /* Build configuration list for PBXProject "JogoDoAviaozinho" */;
			compatibilityVersion = "Xcode 9.3";
			developmentRegion = en;
			hasScannedForEncodings = 0;
			knownRegions = (
				en,
				Base,
			);
			mainGroup = 59D1CC1424047011002D86C2;
			productRefGroup = 59D1CC1E24047011002D86C2 /* Products */;
			projectDirPath = "";
			projectRoot = "";
			targets = (
				59D1CC1C24047011002D86C2 /* JogoDoAviaozinho */,
				59D1CC3624047013002D86C2 /* JogoDoAviaozinhoTests */,
				59D1CC4124047013002D86C2 /* JogoDoAviaozinhoUITests */,
			);
		};
/* End PBXProject section */

/* Begin PBXResourcesBuildPhase section */
		59D1CC1B24047011002D86C2 /* Resources */ = {
			isa = PBXResourcesBuildPhase;
			buildActionMask = 2147483647;
			files = (
				59D1CC2C24047011002D86C2 /* Main.storyboard in Resources */,
				59D1CC69240470B4002D86C2 /* pena_dourada.atlas in Resources */,
				59D1CC63240470B4002D86C2 /* estrela@2x.png in Resources */,
				59D1CC6B240470B4002D86C2 /* trueCrimes.ttf in Resources */,
				59D1CC65240470B4002D86C2 /* bugado.atlas in Resources */,
				59D1CC67240470B4002D86C2 /* aviao.atlas in Resources */,
				59D1CC66240470B4002D86C2 /* explosao.atlas in Resources */,
				59D1CC64240470B4002D86C2 /* imagem_fundo@2x.png in Resources */,
				59D1CC6A240470B4002D86C2 /* QUEBRA.mp3 in Resources */,
				59D1CC2E24047013002D86C2 /* Assets.xcassets in Resources */,
				59D1CC68240470B4002D86C2 /* lesmo.atlas in Resources */,
				59D1CC61240470B4002D86C2 /* MUSICA.mp3 in Resources */,
				59D1CC60240470B4002D86C2 /* PLIN.mp3 in Resources */,
				59D1CC3124047013002D86C2 /* LaunchScreen.storyboard in Resources */,
				59D1CC62240470B4002D86C2 /* peninha@2x.png in Resources */,
			);
			runOnlyForDeploymentPostprocessing = 0;
		};
		59D1CC3524047013002D86C2 /* Resources */ = {
			isa = PBXResourcesBuildPhase;
			buildActionMask = 2147483647;
			files = (
			);
			runOnlyForDeploymentPostprocessing = 0;
		};
		59D1CC4024047013002D86C2 /* Resources */ = {
			isa = PBXResourcesBuildPhase;
			buildActionMask = 2147483647;
			files = (
			);
			runOnlyForDeploymentPostprocessing = 0;
		};
/* End PBXResourcesBuildPhase section */

/* Begin PBXSourcesBuildPhase section */
		59D1CC1924047011002D86C2 /* Sources */ = {
			isa = PBXSourcesBuildPhase;
			buildActionMask = 2147483647;
			files = (
				59D1CC6F240471B4002D86C2 /* MinhaViewController.swift in Sources */,
				59D1CC71240472CC002D86C2 /* MinhaCena.swift in Sources */,
				59BBED292404ADFB009F55A4 /* SKAudio.swift in Sources */,
				59D1CC7324047A25002D86C2 /* ObjetoAnimado.swift in Sources */,
				59D1CC2124047011002D86C2 /* AppDelegate.swift in Sources */,
			);
			runOnlyForDeploymentPostprocessing = 0;
		};
		59D1CC3324047013002D86C2 /* Sources */ = {
			isa = PBXSourcesBuildPhase;
			buildActionMask = 2147483647;
			files = (
				59D1CC3C24047013002D86C2 /* JogoDoAviaozinhoTests.swift in Sources */,
			);
			runOnlyForDeploymentPostprocessing = 0;
		};
		59D1CC3E24047013002D86C2 /* Sources */ = {
			isa = PBXSourcesBuildPhase;
			buildActionMask = 2147483647;
			files = (
				59D1CC4724047013002D86C2 /* JogoDoAviaozinhoUITests.swift in Sources */,
			);
			runOnlyForDeploymentPostprocessing = 0;
		};
/* End PBXSourcesBuildPhase section */

/* Begin PBXTargetDependency section */
		59D1CC3924047013002D86C2 /* PBXTargetDependency */ = {
			isa = PBXTargetDependency;
			target = 59D1CC1C24047011002D86C2 /* JogoDoAviaozinho */;
			targetProxy = 59D1CC3824047013002D86C2 /* PBXContainerItemProxy */;
		};
		59D1CC4424047013002D86C2 /* PBXTargetDependency */ = {
			isa = PBXTargetDependency;
			target = 59D1CC1C24047011002D86C2 /* JogoDoAviaozinho */;
			targetProxy = 59D1CC4324047013002D86C2 /* PBXContainerItemProxy */;
		};
/* End PBXTargetDependency section */

/* Begin PBXVariantGroup section */
		59D1CC2A24047011002D86C2 /* Main.storyboard */ = {
			isa = PBXVariantGroup;
			children = (
				59D1CC2B24047011002D86C2 /* Base */,
			);
			name = Main.storyboard;
			sourceTree = "<group>";
		};
		59D1CC2F24047013002D86C2 /* LaunchScreen.storyboard */ = {
			isa = PBXVariantGroup;
			children = (
				59D1CC3024047013002D86C2 /* Base */,
			);
			name = LaunchScreen.storyboard;
			sourceTree = "<group>";
		};
/* End PBXVariantGroup section */

/* Begin XCBuildConfiguration section */
		59D1CC4924047013002D86C2 /* Debug */ = {
			isa = XCBuildConfiguration;
			buildSettings = {
				ALWAYS_SEARCH_USER_PATHS = NO;
				CLANG_ANALYZER_NONNULL = YES;
				CLANG_ANALYZER_NUMBER_OBJECT_CONVERSION = YES_AGGRESSIVE;
				CLANG_CXX_LANGUAGE_STANDARD = "gnu++14";
				CLANG_CXX_LIBRARY = "libc++";
				CLANG_ENABLE_MODULES = YES;
				CLANG_ENABLE_OBJC_ARC = YES;
				CLANG_ENABLE_OBJC_WEAK = YES;
				CLANG_WARN_BLOCK_CAPTURE_AUTORELEASING = YES;
				CLANG_WARN_BOOL_CONVERSION = YES;
				CLANG_WARN_COMMA = YES;
				CLANG_WARN_CONSTANT_CONVERSION = YES;
				CLANG_WARN_DEPRECATED_OBJC_IMPLEMENTATIONS = YES;
				CLANG_WARN_DIRECT_OBJC_ISA_USAGE = YES_ERROR;
				CLANG_WARN_DOCUMENTATION_COMMENTS = YES;
				CLANG_WARN_EMPTY_BODY = YES;
				CLANG_WARN_ENUM_CONVERSION = YES;
				CLANG_WARN_INFINITE_RECURSION = YES;
				CLANG_WARN_INT_CONVERSION = YES;
				CLANG_WARN_NON_LITERAL_NULL_CONVERSION = YES;
				CLANG_WARN_OBJC_IMPLICIT_RETAIN_SELF = YES;
				CLANG_WARN_OBJC_LITERAL_CONVERSION = YES;
				CLANG_WARN_OBJC_ROOT_CLASS = YES_ERROR;
				CLANG_WARN_RANGE_LOOP_ANALYSIS = YES;
				CLANG_WARN_STRICT_PROTOTYPES = YES;
				CLANG_WARN_SUSPICIOUS_MOVE = YES;
				CLANG_WARN_UNGUARDED_AVAILABILITY = YES_AGGRESSIVE;
				CLANG_WARN_UNREACHABLE_CODE = YES;
				CLANG_WARN__DUPLICATE_METHOD_MATCH = YES;
				COPY_PHASE_STRIP = NO;
				DEBUG_INFORMATION_FORMAT = dwarf;
				ENABLE_STRICT_OBJC_MSGSEND = YES;
				ENABLE_TESTABILITY = YES;
				GCC_C_LANGUAGE_STANDARD = gnu11;
				GCC_DYNAMIC_NO_PIC = NO;
				GCC_NO_COMMON_BLOCKS = YES;
				GCC_OPTIMIZATION_LEVEL = 0;
				GCC_PREPROCESSOR_DEFINITIONS = (
					"DEBUG=1",
					"$(inherited)",
				);
				GCC_WARN_64_TO_32_BIT_CONVERSION = YES;
				GCC_WARN_ABOUT_RETURN_TYPE = YES_ERROR;
				GCC_WARN_UNDECLARED_SELECTOR = YES;
				GCC_WARN_UNINITIALIZED_AUTOS = YES_AGGRESSIVE;
				GCC_WARN_UNUSED_FUNCTION = YES;
				GCC_WARN_UNUSED_VARIABLE = YES;
				IPHONEOS_DEPLOYMENT_TARGET = 13.2;
				MTL_ENABLE_DEBUG_INFO = INCLUDE_SOURCE;
				MTL_FAST_MATH = YES;
				ONLY_ACTIVE_ARCH = YES;
				SDKROOT = iphoneos;
				SWIFT_ACTIVE_COMPILATION_CONDITIONS = DEBUG;
				SWIFT_OPTIMIZATION_LEVEL = "-Onone";
			};
			name = Debug;
		};
		59D1CC4A24047013002D86C2 /* Release */ = {
			isa = XCBuildConfiguration;
			buildSettings = {
				ALWAYS_SEARCH_USER_PATHS = NO;
				CLANG_ANALYZER_NONNULL = YES;
				CLANG_ANALYZER_NUMBER_OBJECT_CONVERSION = YES_AGGRESSIVE;
				CLANG_CXX_LANGUAGE_STANDARD = "gnu++14";
				CLANG_CXX_LIBRARY = "libc++";
				CLANG_ENABLE_MODULES = YES;
				CLANG_ENABLE_OBJC_ARC = YES;
				CLANG_ENABLE_OBJC_WEAK = YES;
				CLANG_WARN_BLOCK_CAPTURE_AUTORELEASING = YES;
				CLANG_WARN_BOOL_CONVERSION = YES;
				CLANG_WARN_COMMA = YES;
				CLANG_WARN_CONSTANT_CONVERSION = YES;
				CLANG_WARN_DEPRECATED_OBJC_IMPLEMENTATIONS = YES;
				CLANG_WARN_DIRECT_OBJC_ISA_USAGE = YES_ERROR;
				CLANG_WARN_DOCUMENTATION_COMMENTS = YES;
				CLANG_WARN_EMPTY_BODY = YES;
				CLANG_WARN_ENUM_CONVERSION = YES;
				CLANG_WARN_INFINITE_RECURSION = YES;
				CLANG_WARN_INT_CONVERSION = YES;
				CLANG_WARN_NON_LITERAL_NULL_CONVERSION = YES;
				CLANG_WARN_OBJC_IMPLICIT_RETAIN_SELF = YES;
				CLANG_WARN_OBJC_LITERAL_CONVERSION = YES;
				CLANG_WARN_OBJC_ROOT_CLASS = YES_ERROR;
				CLANG_WARN_RANGE_LOOP_ANALYSIS = YES;
				CLANG_WARN_STRICT_PROTOTYPES = YES;
				CLANG_WARN_SUSPICIOUS_MOVE = YES;
				CLANG_WARN_UNGUARDED_AVAILABILITY = YES_AGGRESSIVE;
				CLANG_WARN_UNREACHABLE_CODE = YES;
				CLANG_WARN__DUPLICATE_METHOD_MATCH = YES;
				COPY_PHASE_STRIP = NO;
				DEBUG_INFORMATION_FORMAT = "dwarf-with-dsym";
				ENABLE_NS_ASSERTIONS = NO;
				ENABLE_STRICT_OBJC_MSGSEND = YES;
				GCC_C_LANGUAGE_STANDARD = gnu11;
				GCC_NO_COMMON_BLOCKS = YES;
				GCC_WARN_64_TO_32_BIT_CONVERSION = YES;
				GCC_WARN_ABOUT_RETURN_TYPE = YES_ERROR;
				GCC_WARN_UNDECLARED_SELECTOR = YES;
				GCC_WARN_UNINITIALIZED_AUTOS = YES_AGGRESSIVE;
				GCC_WARN_UNUSED_FUNCTION = YES;
				GCC_WARN_UNUSED_VARIABLE = YES;
				IPHONEOS_DEPLOYMENT_TARGET = 13.2;
				MTL_ENABLE_DEBUG_INFO = NO;
				MTL_FAST_MATH = YES;
				SDKROOT = iphoneos;
				SWIFT_COMPILATION_MODE = wholemodule;
				SWIFT_OPTIMIZATION_LEVEL = "-O";
				VALIDATE_PRODUCT = YES;
			};
			name = Release;
		};
		59D1CC4C24047013002D86C2 /* Debug */ = {
			isa = XCBuildConfiguration;
			buildSettings = {
				ASSETCATALOG_COMPILER_APPICON_NAME = AppIcon;
				CODE_SIGN_STYLE = Automatic;
				DEVELOPMENT_TEAM = 83NFHDY43B;
				INFOPLIST_FILE = JogoDoAviaozinho/Info.plist;
				LD_RUNPATH_SEARCH_PATHS = (
					"$(inherited)",
					"@executable_path/Frameworks",
				);
				PRODUCT_BUNDLE_IDENTIFIER = br.com.edwylugo.JogoDoAviaozinho;
				PRODUCT_NAME = "$(TARGET_NAME)";
				SWIFT_VERSION = 5.0;
				TARGETED_DEVICE_FAMILY = "1,2";
			};
			name = Debug;
		};
		59D1CC4D24047013002D86C2 /* Release */ = {
			isa = XCBuildConfiguration;
			buildSettings = {
				ASSETCATALOG_COMPILER_APPICON_NAME = AppIcon;
				CODE_SIGN_STYLE = Automatic;
				DEVELOPMENT_TEAM = 83NFHDY43B;
				INFOPLIST_FILE = JogoDoAviaozinho/Info.plist;
				LD_RUNPATH_SEARCH_PATHS = (
					"$(inherited)",
					"@executable_path/Frameworks",
				);
				PRODUCT_BUNDLE_IDENTIFIER = br.com.edwylugo.JogoDoAviaozinho;
				PRODUCT_NAME = "$(TARGET_NAME)";
				SWIFT_VERSION = 5.0;
				TARGETED_DEVICE_FAMILY = "1,2";
			};
			name = Release;
		};
		59D1CC4F24047013002D86C2 /* Debug */ = {
			isa = XCBuildConfiguration;
			buildSettings = {
				ALWAYS_EMBED_SWIFT_STANDARD_LIBRARIES = YES;
				BUNDLE_LOADER = "$(TEST_HOST)";
				CODE_SIGN_STYLE = Automatic;
				DEVELOPMENT_TEAM = 83NFHDY43B;
				INFOPLIST_FILE = JogoDoAviaozinhoTests/Info.plist;
				IPHONEOS_DEPLOYMENT_TARGET = 13.2;
				LD_RUNPATH_SEARCH_PATHS = (
					"$(inherited)",
					"@executable_path/Frameworks",
					"@loader_path/Frameworks",
				);
				PRODUCT_BUNDLE_IDENTIFIER = br.com.edwylugo.JogoDoAviaozinhoTests;
				PRODUCT_NAME = "$(TARGET_NAME)";
				SWIFT_VERSION = 5.0;
				TARGETED_DEVICE_FAMILY = "1,2";
				TEST_HOST = "$(BUILT_PRODUCTS_DIR)/JogoDoAviaozinho.app/JogoDoAviaozinho";
			};
			name = Debug;
		};
		59D1CC5024047013002D86C2 /* Release */ = {
			isa = XCBuildConfiguration;
			buildSettings = {
				ALWAYS_EMBED_SWIFT_STANDARD_LIBRARIES = YES;
				BUNDLE_LOADER = "$(TEST_HOST)";
				CODE_SIGN_STYLE = Automatic;
				DEVELOPMENT_TEAM = 83NFHDY43B;
				INFOPLIST_FILE = JogoDoAviaozinhoTests/Info.plist;
				IPHONEOS_DEPLOYMENT_TARGET = 13.2;
				LD_RUNPATH_SEARCH_PATHS = (
					"$(inherited)",
					"@executable_path/Frameworks",
					"@loader_path/Frameworks",
				);
				PRODUCT_BUNDLE_IDENTIFIER = br.com.edwylugo.JogoDoAviaozinhoTests;
				PRODUCT_NAME = "$(TARGET_NAME)";
				SWIFT_VERSION = 5.0;
				TARGETED_DEVICE_FAMILY = "1,2";
				TEST_HOST = "$(BUILT_PRODUCTS_DIR)/JogoDoAviaozinho.app/JogoDoAviaozinho";
			};
			name = Release;
		};
		59D1CC5224047013002D86C2 /* Debug */ = {
			isa = XCBuildConfiguration;
			buildSettings = {
				ALWAYS_EMBED_SWIFT_STANDARD_LIBRARIES = YES;
				CODE_SIGN_STYLE = Automatic;
				DEVELOPMENT_TEAM = 83NFHDY43B;
				INFOPLIST_FILE = JogoDoAviaozinhoUITests/Info.plist;
				LD_RUNPATH_SEARCH_PATHS = (
					"$(inherited)",
					"@executable_path/Frameworks",
					"@loader_path/Frameworks",
				);
				PRODUCT_BUNDLE_IDENTIFIER = br.com.edwylugo.JogoDoAviaozinhoUITests;
				PRODUCT_NAME = "$(TARGET_NAME)";
				SWIFT_VERSION = 5.0;
				TARGETED_DEVICE_FAMILY = "1,2";
				TEST_TARGET_NAME = JogoDoAviaozinho;
			};
			name = Debug;
		};
		59D1CC5324047013002D86C2 /* Release */ = {
			isa = XCBuildConfiguration;
			buildSettings = {
				ALWAYS_EMBED_SWIFT_STANDARD_LIBRARIES = YES;
				CODE_SIGN_STYLE = Automatic;
				DEVELOPMENT_TEAM = 83NFHDY43B;
				INFOPLIST_FILE = JogoDoAviaozinhoUITests/Info.plist;
				LD_RUNPATH_SEARCH_PATHS = (
					"$(inherited)",
					"@executable_path/Frameworks",
					"@loader_path/Frameworks",
				);
				PRODUCT_BUNDLE_IDENTIFIER = br.com.edwylugo.JogoDoAviaozinhoUITests;
				PRODUCT_NAME = "$(TARGET_NAME)";
				SWIFT_VERSION = 5.0;
				TARGETED_DEVICE_FAMILY = "1,2";
				TEST_TARGET_NAME = JogoDoAviaozinho;
			};
			name = Release;
		};
/* End XCBuildConfiguration section */

/* Begin XCConfigurationList section */
		59D1CC1824047011002D86C2 /* Build configuration list for PBXProject "JogoDoAviaozinho" */ = {
			isa = XCConfigurationList;
			buildConfigurations = (
				59D1CC4924047013002D86C2 /* Debug */,
				59D1CC4A24047013002D86C2 /* Release */,
			);
			defaultConfigurationIsVisible = 0;
			defaultConfigurationName = Release;
		};
		59D1CC4B24047013002D86C2 /* Build configuration list for PBXNativeTarget "JogoDoAviaozinho" */ = {
			isa = XCConfigurationList;
			buildConfigurations = (
				59D1CC4C24047013002D86C2 /* Debug */,
				59D1CC4D24047013002D86C2 /* Release */,
			);
			defaultConfigurationIsVisible = 0;
			defaultConfigurationName = Release;
		};
		59D1CC4E24047013002D86C2 /* Build configuration list for PBXNativeTarget "JogoDoAviaozinhoTests" */ = {
			isa = XCConfigurationList;
			buildConfigurations = (
				59D1CC4F24047013002D86C2 /* Debug */,
				59D1CC5024047013002D86C2 /* Release */,
			);
			defaultConfigurationIsVisible = 0;
			defaultConfigurationName = Release;
		};
		59D1CC5124047013002D86C2 /* Build configuration list for PBXNativeTarget "JogoDoAviaozinhoUITests" */ = {
			isa = XCConfigurationList;
			buildConfigurations = (
				59D1CC5224047013002D86C2 /* Debug */,
				59D1CC5324047013002D86C2 /* Release */,
			);
			defaultConfigurationIsVisible = 0;
			defaultConfigurationName = Release;
		};
/* End XCConfigurationList section */
	};
	rootObject = 59D1CC1524047011002D86C2 /* Project object */;
}
